PODS:
  - ActionSheetPicker-3.0 (2.2.0)
  - Alamofire (4.4.0)
  - B68UIFloatLabelTextField (0.1.2)
  - Bolts (1.8.4):
    - Bolts/AppLinks (= 1.8.4)
    - Bolts/Tasks (= 1.8.4)
  - Bolts/AppLinks (1.8.4):
    - Bolts/Tasks
  - Bolts/Tasks (1.8.4)
  - Carte (1.0.2)
  - ChameleonFramework/Default (2.1.0)
  - ChameleonFramework/Swift (2.1.0):
    - ChameleonFramework/Default
  - Color-Picker-for-iOS (2.0.2)
  - Crashlytics (3.8.4):
    - Fabric (~> 1.6.3)
  - Differentiator (3.0.2)
  - DZNEmptyDataSet (1.8)
  - EGOTableViewPullRefreshAndLoadMore (1.0.4)
  - Fabric (1.6.11)
  - FBSDKCoreKit (4.20.2):
    - Bolts (~> 1.7)
  - FBSDKLoginKit (4.20.2):
    - FBSDKCoreKit
  - FBSDKShareKit (4.20.2):
    - FBSDKCoreKit
  - Firebase (4.3.0):
    - Firebase/Core (= 4.3.0)
  - Firebase/Core (4.3.0):
    - FirebaseAnalytics (= 4.0.4)
    - FirebaseCore (= 4.0.8)
  - Firebase/Messaging (4.3.0):
    - Firebase/Core
    - FirebaseMessaging (= 2.0.4)
  - FirebaseAnalytics (4.0.4):
    - FirebaseCore (~> 4.0)
    - FirebaseInstanceID (~> 2.0)
    - "GoogleToolboxForMac/NSData+zlib (~> 2.1)"
    - nanopb (~> 0.3)
  - FirebaseCore (4.0.8):
    - "GoogleToolboxForMac/NSData+zlib (~> 2.1)"
    - nanopb (~> 0.3)
  - FirebaseInstanceID (2.0.4)
  - FirebaseMessaging (2.0.4):
    - FirebaseAnalytics (~> 4.0)
    - FirebaseCore (~> 4.0)
    - FirebaseInstanceID (~> 2.0)
    - GoogleToolboxForMac/Logger (~> 2.1)
    - Protobuf (~> 3.1)
  - GoogleToolboxForMac/Defines (2.1.3)
  - GoogleToolboxForMac/Logger (2.1.3):
    - GoogleToolboxForMac/Defines (= 2.1.3)
  - "GoogleToolboxForMac/NSData+zlib (2.1.3)":
    - GoogleToolboxForMac/Defines (= 2.1.3)
  - MarqueeLabel/Swift (3.2.0)
  - Moya/Core (11.0.2):
    - Alamofire (~> 4.1)
    - Result (~> 3.0)
  - Moya/RxSwift (11.0.2):
    - Moya/Core
    - RxSwift (~> 4.0)
  - nanopb (0.3.8):
    - nanopb/decode (= 0.3.8)
    - nanopb/encode (= 0.3.8)
  - nanopb/decode (0.3.8)
  - nanopb/encode (0.3.8)
  - Protobuf (3.4.0)
  - Result (3.2.4)
  - RxCocoa (4.2.0):
    - RxSwift (~> 4.0)
  - RxDataSources (3.0.2):
    - Differentiator (~> 3.0)
    - RxCocoa (~> 4.0)
    - RxSwift (~> 4.0)
  - RxSwift (4.2.0)
  - RxSwiftExt (3.3.0):
    - RxSwiftExt/Core (= 3.3.0)
  - RxSwiftExt/Core (3.3.0):
    - RxSwift (~> 4.0)
  - SnapKit (4.0.0)
  - SwiftyJSON (3.1.4)
  - SwiftyUserDefaults (3.0.1)
  - Swinject (2.1.1)
  - TPKeyboardAvoiding (1.3.1)
  - TTRangeSlider (1.0.5)
  - "UITextView+Placeholder (1.2.0)"

DEPENDENCIES:
  - ActionSheetPicker-3.0
  - Alamofire
  - B68UIFloatLabelTextField (from `https://github.com/Rajin9601/B68FloatingLabelTextField.git`, branch `Swift_3.0`)
  - Carte
  - ChameleonFramework/Swift (from `https://github.com/ViccAlexander/Chameleon.git`)
  - Color-Picker-for-iOS (~> 2.0)
  - Crashlytics
  - DZNEmptyDataSet (from `https://github.com/Rajin9601/DZNEmptyDataSet.git`, branch `fix-hitTest`)
  - EGOTableViewPullRefreshAndLoadMore
  - Fabric
  - FBSDKCoreKit
  - FBSDKLoginKit
  - FBSDKShareKit
  - Firebase
  - Firebase/Messaging
  - MarqueeLabel/Swift
  - Moya/RxSwift
  - RxCocoa
  - RxDataSources (~> 3.0)
  - RxSwift
  - RxSwiftExt
  - SnapKit (~> 4.0.0)
  - SwiftyJSON
  - SwiftyUserDefaults (from `https://github.com/Rajin9601/SwiftyUserDefaults.git`)
  - Swinject
  - TPKeyboardAvoiding
  - TTRangeSlider
  - "UITextView+Placeholder (~> 1.2)"

SPEC REPOS:
  https://github.com/cocoapods/specs.git:
    - ActionSheetPicker-3.0
    - Alamofire
    - Bolts
    - Carte
    - Color-Picker-for-iOS
    - Crashlytics
    - Differentiator
    - EGOTableViewPullRefreshAndLoadMore
    - Fabric
    - FBSDKCoreKit
    - FBSDKLoginKit
    - FBSDKShareKit
    - Firebase
    - FirebaseAnalytics
    - FirebaseCore
    - FirebaseInstanceID
    - FirebaseMessaging
    - GoogleToolboxForMac
    - MarqueeLabel
    - Moya
    - nanopb
    - Protobuf
    - Result
    - RxCocoa
    - RxDataSources
    - RxSwift
    - RxSwiftExt
    - SnapKit
    - SwiftyJSON
    - Swinject
    - TPKeyboardAvoiding
    - TTRangeSlider
    - "UITextView+Placeholder"

EXTERNAL SOURCES:
  B68UIFloatLabelTextField:
    :branch: Swift_3.0
    :git: https://github.com/Rajin9601/B68FloatingLabelTextField.git
  ChameleonFramework:
    :git: https://github.com/ViccAlexander/Chameleon.git
  DZNEmptyDataSet:
    :branch: fix-hitTest
    :git: https://github.com/Rajin9601/DZNEmptyDataSet.git
  SwiftyUserDefaults:
    :git: https://github.com/Rajin9601/SwiftyUserDefaults.git

CHECKOUT OPTIONS:
  B68UIFloatLabelTextField:
    :commit: e04611ad6248e30d1c4c30b9d56b312ed9a471a1
    :git: https://github.com/Rajin9601/B68FloatingLabelTextField.git
  ChameleonFramework:
    :commit: acc480fbe023c6e5fe40f68593f4a70a8c4c7ad5
    :git: https://github.com/ViccAlexander/Chameleon.git
  DZNEmptyDataSet:
    :commit: db6e1747b383fbbaad429a40f5f5700dd86f8e4c
    :git: https://github.com/Rajin9601/DZNEmptyDataSet.git
  SwiftyUserDefaults:
    :commit: 364c18e4b7bd82df9b60901b144e4f8aeac5a0e6
    :git: https://github.com/Rajin9601/SwiftyUserDefaults.git

SPEC CHECKSUMS:
  ActionSheetPicker-3.0: d11a4c12c6aaf704b8a3f56d179198c99f3e41e6
  Alamofire: dc44b1600b800eb63da6a19039a0083d62a6a62d
  B68UIFloatLabelTextField: 337894ff837df84e19636c99f3f5f88c4fad60d7
  Bolts: 8a7995239dbe724f9cba2248b766d48b7ebdd322
  Carte: c1980ae6a0218fbe9cd01a9f1799d260650ed429
  ChameleonFramework: d21a3cc247abfe5e37609a283a8238b03575cf64
  Color-Picker-for-iOS: 4980589b3e3cfe7198f227dd50be9adb02d8bc0b
  Crashlytics: 79e236942ca1e7fc641df1feb9a275360a78ab6a
  Differentiator: a87be69eba49ec4ab460c7671143ee3a9eececfd
  DZNEmptyDataSet: d2351b2e8daefa40433ef292e246e21f6be31a7b
  EGOTableViewPullRefreshAndLoadMore: 118a0824590db042d42e08fcc442b93cebf15e73
  Fabric: 5911403591946b8228ab1c51d98f1d7137e863c6
  FBSDKCoreKit: 82eac696eb6157da5f4266c3a241f00e9bd72471
  FBSDKLoginKit: 2211bede07c83391349eacc1fd86cf6d9289ce38
  FBSDKShareKit: ca9b22264ea49a896dafb2467c1a4f72aa41996f
  Firebase: 83283761a1ef6dc9846e03d08059f51421afbd65
  FirebaseAnalytics: 722b53c7b32bfc7806b06e0093a2f5180d4f2c5a
  FirebaseCore: 69b1a5ac5f857ba6d5fd9d5fe794f4786dd5e579
  FirebaseInstanceID: 70c2b877e9338971b2429ea5a4293df6961aa44e
  FirebaseMessaging: 3dd86bfda2acb680b05c97f3f8ac566e9bb87b2a
  GoogleToolboxForMac: 2501e2ad72a52eb3dfe7bd9aee7dad11b858bd20
  MarqueeLabel: 440a502b91a9179bd98f9fff00ba1150650a1c0e
  Moya: a725035953bc1c0eb1be505ab903984501d82440
  nanopb: 5601e6bca2dbf1ed831b519092ec110f66982ca3
  Protobuf: 03eef2ee0b674770735cf79d9c4d3659cf6908e8
  Result: d2d07204ce72856f1fd9130bbe42c35a7b0fea10
  RxCocoa: 0b54909c902e1e581212a03e690bbd94032d8baa
  RxDataSources: cb7c31e652a87ebb919da45f716bbb87b3765f6b
  RxSwift: 99e10317ddfcc7fbe01356aafd118fde4a0be104
  RxSwiftExt: 81afb48ab0602f503147417baeb3989d64c7687d
  SnapKit: a42d492c16e80209130a3379f73596c3454b7694
  SwiftyJSON: c2842d878f95482ffceec5709abc3d05680c0220
  SwiftyUserDefaults: 38267a30d58b7c8570995cd5defd354e43f056c6
  Swinject: afea49fd95f392b41171669f165842879c48fad6
  TPKeyboardAvoiding: 0d6af20e95e2850f4c621841225b59ec7d8dd852
  TTRangeSlider: 2f2ce4a33b32bb323c6575b9f5161c4664459c58
  "UITextView+Placeholder": 77680995fcdd07c3f52ec92fe1150874a2ac89ff

PODFILE CHECKSUM: d2bb58e1ed5f1e676098510a946065e33015a20c

COCOAPODS: 1.5.3
