PODS:
  - ActionSheetPicker-3.0 (2.2.0)
  - Alamofire (4.4.0)
  - B68UIFloatLabelTextField (0.1.2)
  - Bolts (1.8.4):
    - Bolts/AppLinks (= 1.8.4)
    - Bolts/Tasks (= 1.8.4)
  - Bolts/AppLinks (1.8.4):
    - Bolts/Tasks
  - Bolts/Tasks (1.8.4)
  - Carte (1.0.2)
  - ChameleonFramework/Default (2.1.0)
  - ChameleonFramework/Swift (2.1.0):
    - ChameleonFramework/Default
  - Color-Picker-for-iOS (2.0.2)
  - Crashlytics (3.8.4):
    - Fabric (~> 1.6.3)
  - DZNEmptyDataSet (1.8.1)
  - EGOTableViewPullRefreshAndLoadMore (1.0.4)
  - Fabric (1.6.11)
  - FBSDKCoreKit (4.20.2):
    - Bolts (~> 1.7)
  - FBSDKLoginKit (4.20.2):
    - FBSDKCoreKit
  - FBSDKShareKit (4.20.2):
    - FBSDKCoreKit
  - Firebase (3.15.0):
    - Firebase/Core (= 3.15.0)
  - Firebase/Core (3.15.0):
    - FirebaseAnalytics (= 3.7.0)
    - FirebaseCore (= 3.5.2)
  - Firebase/Messaging (3.15.0):
    - Firebase/Core
    - FirebaseMessaging (= 1.2.2)
  - FirebaseAnalytics (3.7.0):
    - FirebaseCore (~> 3.5)
    - FirebaseInstanceID (~> 1.0)
    - GoogleToolboxForMac/NSData+zlib (~> 2.1)
  - FirebaseCore (3.5.2):
    - GoogleToolboxForMac/NSData+zlib (~> 2.1)
  - FirebaseInstanceID (1.0.9)
  - FirebaseMessaging (1.2.2):
    - FirebaseAnalytics (~> 3.7)
    - FirebaseInstanceID (~> 1.0)
    - GoogleToolboxForMac/Logger (~> 2.1)
    - Protobuf (~> 3.1)
  - GoogleToolboxForMac/Defines (2.1.1)
  - GoogleToolboxForMac/Logger (2.1.1):
    - GoogleToolboxForMac/Defines (= 2.1.1)
  - GoogleToolboxForMac/NSData+zlib (2.1.1):
    - GoogleToolboxForMac/Defines (= 2.1.1)
  - Protobuf (3.2.0)
  - SwiftyJSON (3.1.4)
  - SwiftyUserDefaults (3.0.1)
  - TPKeyboardAvoiding (1.3.1)
  - TTRangeSlider (1.0.5)

DEPENDENCIES:
  - ActionSheetPicker-3.0
  - Alamofire
  - B68UIFloatLabelTextField (from `https://github.com/Rajin9601/B68FloatingLabelTextField.git`, branch `Swift_3.0`)
  - Carte
  - ChameleonFramework/Swift (from `https://github.com/ViccAlexander/Chameleon.git`)
  - Color-Picker-for-iOS (~> 2.0)
  - Crashlytics
  - DZNEmptyDataSet
  - EGOTableViewPullRefreshAndLoadMore
  - Fabric
  - FBSDKCoreKit
  - FBSDKLoginKit
  - FBSDKShareKit
  - Firebase
  - Firebase/Messaging
  - SwiftyJSON
  - SwiftyUserDefaults (from `https://github.com/Rajin9601/SwiftyUserDefaults.git`)
  - TPKeyboardAvoiding
  - TTRangeSlider

EXTERNAL SOURCES:
  B68UIFloatLabelTextField:
    :branch: Swift_3.0
    :git: https://github.com/Rajin9601/B68FloatingLabelTextField.git
  ChameleonFramework:
    :git: https://github.com/ViccAlexander/Chameleon.git
  SwiftyUserDefaults:
    :git: https://github.com/Rajin9601/SwiftyUserDefaults.git

CHECKOUT OPTIONS:
  B68UIFloatLabelTextField:
    :commit: e04611ad6248e30d1c4c30b9d56b312ed9a471a1
    :git: https://github.com/Rajin9601/B68FloatingLabelTextField.git
  ChameleonFramework:
    :commit: acc480fbe023c6e5fe40f68593f4a70a8c4c7ad5
    :git: https://github.com/ViccAlexander/Chameleon.git
  SwiftyUserDefaults:
    :commit: 364c18e4b7bd82df9b60901b144e4f8aeac5a0e6
    :git: https://github.com/Rajin9601/SwiftyUserDefaults.git

SPEC CHECKSUMS:
  ActionSheetPicker-3.0: d11a4c12c6aaf704b8a3f56d179198c99f3e41e6
  Alamofire: dc44b1600b800eb63da6a19039a0083d62a6a62d
  B68UIFloatLabelTextField: 337894ff837df84e19636c99f3f5f88c4fad60d7
  Bolts: 8a7995239dbe724f9cba2248b766d48b7ebdd322
  Carte: c1980ae6a0218fbe9cd01a9f1799d260650ed429
  ChameleonFramework: d21a3cc247abfe5e37609a283a8238b03575cf64
  Color-Picker-for-iOS: 4980589b3e3cfe7198f227dd50be9adb02d8bc0b
  Crashlytics: 79e236942ca1e7fc641df1feb9a275360a78ab6a
  DZNEmptyDataSet: 9525833b9e68ac21c30253e1d3d7076cc828eaa7
  EGOTableViewPullRefreshAndLoadMore: 118a0824590db042d42e08fcc442b93cebf15e73
  Fabric: 5911403591946b8228ab1c51d98f1d7137e863c6
  FBSDKCoreKit: 82eac696eb6157da5f4266c3a241f00e9bd72471
  FBSDKLoginKit: 2211bede07c83391349eacc1fd86cf6d9289ce38
  FBSDKShareKit: ca9b22264ea49a896dafb2467c1a4f72aa41996f
  Firebase: 2b1cdfba1cda8589f32904a697cc753322bff9d8
  FirebaseAnalytics: 0d1b7d81d5021155be37702a94ba1ec16d45365d
  FirebaseCore: a024587e43778508700af8c6b1209f7c4516ba02
  FirebaseInstanceID: 2d0518b1378fe9d685ef40cbdd63d2fdc1125339
  FirebaseMessaging: df8267f378580a24174ce7861233aa11d5c90109
  GoogleToolboxForMac: 8e329f1b599f2512c6b10676d45736bcc2cbbeb0
  Protobuf: 745f59e122e5de98d4d7ef291e264a0eef80f58e
  SwiftyJSON: c2842d878f95482ffceec5709abc3d05680c0220
  SwiftyUserDefaults: 38267a30d58b7c8570995cd5defd354e43f056c6
  TPKeyboardAvoiding: 0d6af20e95e2850f4c621841225b59ec7d8dd852
  TTRangeSlider: 2f2ce4a33b32bb323c6575b9f5161c4664459c58

PODFILE CHECKSUM: b172415a4bc40eed136bfb209c7fe2e86d0a8f9c

COCOAPODS: 1.2.0
