PODS:
  - ActionSheetPicker-3.0 (2.0.5)
  - Alamofire (3.5.0)
  - B68UIFloatLabelTextField (0.1.2)
  - Bolts (1.6.0):
    - Bolts/AppLinks (= 1.6.0)
    - Bolts/Tasks (= 1.6.0)
  - Bolts/AppLinks (1.6.0):
    - Bolts/Tasks
  - Bolts/Tasks (1.6.0)
  - Carte (0.2.3)
  - ChameleonFramework/Default (2.1.0)
  - ChameleonFramework/Swift (2.1.0):
    - ChameleonFramework/Default
  - Color-Picker-for-iOS (2.0.2)
  - Crashlytics (3.5.0):
    - Fabric (~> 1.6.0)
  - DZNEmptyDataSet (1.8.1)
  - EGOTableViewPullRefreshAndLoadMore (1.0.4)
  - Fabric (1.6.2)
  - FBSDKCoreKit (4.10.1):
    - Bolts (~> 1.5)
  - FBSDKLoginKit (4.10.1):
    - FBSDKCoreKit
  - FBSDKShareKit (4.10.1):
    - FBSDKCoreKit
  - Firebase (3.13.0):
    - Firebase/Core (= 3.13.0)
  - Firebase/Core (3.13.0):
    - FirebaseAnalytics (= 3.7.0)
    - FirebaseCore (= 3.5.0)
  - Firebase/Messaging (3.13.0):
    - Firebase/Core
    - FirebaseMessaging (= 1.2.2)
  - FirebaseAnalytics (3.7.0):
    - FirebaseCore (~> 3.5)
    - FirebaseInstanceID (~> 1.0)
    - GoogleToolboxForMac/NSData+zlib (~> 2.1)
  - FirebaseCore (3.5.0):
    - GoogleToolboxForMac/NSData+zlib (~> 2.1)
  - FirebaseInstanceID (1.0.9)
  - FirebaseMessaging (1.2.2):
    - FirebaseAnalytics (~> 3.7)
    - FirebaseInstanceID (~> 1.0)
    - GoogleToolboxForMac/Logger (~> 2.1)
    - Protobuf (~> 3.1)
  - GoogleToolboxForMac/Defines (2.1.1)
  - GoogleToolboxForMac/Logger (2.1.1):
    - GoogleToolboxForMac/Defines (= 2.1.1)
  - GoogleToolboxForMac/NSData+zlib (2.1.1):
    - GoogleToolboxForMac/Defines (= 2.1.1)
  - Protobuf (3.2.0)
  - SwiftyJSON (2.3.2)
  - SwiftyUserDefaults (2.2.0)
  - TTRangeSlider (1.0.4)

DEPENDENCIES:
  - ActionSheetPicker-3.0
  - Alamofire (~> 3.0)
  - B68UIFloatLabelTextField (from `https://github.com/Rajin9601/B68FloatingLabelTextField.git`, branch `Swift_2.0`)
  - Carte
  - ChameleonFramework/Swift
  - Color-Picker-for-iOS (~> 2.0)
  - Crashlytics
  - DZNEmptyDataSet
  - EGOTableViewPullRefreshAndLoadMore
  - Fabric
  - FBSDKCoreKit
  - FBSDKLoginKit
  - FBSDKShareKit
  - Firebase
  - Firebase/Messaging
  - SwiftyJSON (~> 2.3)
  - SwiftyUserDefaults (from `https://github.com/Rajin9601/SwiftyUserDefaults.git`)
  - TTRangeSlider

EXTERNAL SOURCES:
  B68UIFloatLabelTextField:
    :branch: Swift_2.0
    :git: https://github.com/Rajin9601/B68FloatingLabelTextField.git
  SwiftyUserDefaults:
    :git: https://github.com/Rajin9601/SwiftyUserDefaults.git

CHECKOUT OPTIONS:
  B68UIFloatLabelTextField:
    :commit: 200ab45ee180de600ec444aca6de6ee1bd354bad
    :git: https://github.com/Rajin9601/B68FloatingLabelTextField.git
  SwiftyUserDefaults:
    :commit: b3bf8d1098aa37ba5f0a88f1fccaf97fd46602cc
    :git: https://github.com/Rajin9601/SwiftyUserDefaults.git

SPEC CHECKSUMS:
  ActionSheetPicker-3.0: 8312778b6815578e6a86d630fbcf31dc94c534e7
  Alamofire: b70a7352335f8ea5babd0a923eb7e8eacc67b877
  B68UIFloatLabelTextField: 337894ff837df84e19636c99f3f5f88c4fad60d7
  Bolts: f52a250053bb517ca874523c3913776359ab3def
  Carte: b7cdc00b51023629b0e3d3cb9b8c5c5738a6e09e
  ChameleonFramework: d21a3cc247abfe5e37609a283a8238b03575cf64
  Color-Picker-for-iOS: 4980589b3e3cfe7198f227dd50be9adb02d8bc0b
  Crashlytics: fabfd45d0e8b8dc936c682b97e302b9a49a1c827
  DZNEmptyDataSet: 9525833b9e68ac21c30253e1d3d7076cc828eaa7
  EGOTableViewPullRefreshAndLoadMore: 118a0824590db042d42e08fcc442b93cebf15e73
  Fabric: e8296d4a1abb3c5eed770cc86b311c862f51d340
  FBSDKCoreKit: d2aaed5e9ab7d8d6301c533376a1fbff1cf3deb5
  FBSDKLoginKit: 699ff169080e3072de4b9b0faca90bf23dc36deb
  FBSDKShareKit: 2fd887cce0056bdda91f99b2021d724a4fed8e88
  Firebase: 5bc34d7b5ff5792e3386c8b28dc6265deeab0da4
  FirebaseAnalytics: 0d1b7d81d5021155be37702a94ba1ec16d45365d
  FirebaseCore: 1c0a13bf59bb95cdd19577252499f0ec6a03e999
  FirebaseInstanceID: 2d0518b1378fe9d685ef40cbdd63d2fdc1125339
  FirebaseMessaging: df8267f378580a24174ce7861233aa11d5c90109
  GoogleToolboxForMac: 8e329f1b599f2512c6b10676d45736bcc2cbbeb0
  Protobuf: 745f59e122e5de98d4d7ef291e264a0eef80f58e
  SwiftyJSON: 04ccea08915aa0109039157c7974cf0298da292a
  SwiftyUserDefaults: e7c8197a9d4068702e7f2406a968cae413b8de27
  TTRangeSlider: 7c04d9cf84cd5fba96e86b3ded8e5e0b534758b0

PODFILE CHECKSUM: 0fe7b5c6d8d66c7e2f9cbd0f6bd426b640682b02

COCOAPODS: 1.2.0
