// !$*UTF8*$!
{
	archiveVersion = 1;
	classes = {
	};
	objectVersion = 55;
	objects = {

/* Begin PBXBuildFile section */
		BEDF506B27EB73EE00CDCC13 /* TimetableListCell.swift in Sources */ = {isa = PBXBuildFile; fileRef = BEDF506A27EB73EE00CDCC13 /* TimetableListCell.swift */; };
		BEDF506D27EB740F00CDCC13 /* TimetableList.swift in Sources */ = {isa = PBXBuildFile; fileRef = BEDF506C27EB740E00CDCC13 /* TimetableList.swift */; };
		BEDF506F27EB744A00CDCC13 /* LectureDetailList.swift in Sources */ = {isa = PBXBuildFile; fileRef = BEDF506E27EB744A00CDCC13 /* LectureDetailList.swift */; };
		DC860F4927E5C87D0068C94B /* SNUTTApp.swift in Sources */ = {isa = PBXBuildFile; fileRef = DC860F4827E5C87D0068C94B /* SNUTTApp.swift */; };
		DC860F4B27E5C87D0068C94B /* ContentView.swift in Sources */ = {isa = PBXBuildFile; fileRef = DC860F4A27E5C87D0068C94B /* ContentView.swift */; };
		DC860F4D27E5C87F0068C94B /* Assets.xcassets in Resources */ = {isa = PBXBuildFile; fileRef = DC860F4C27E5C87F0068C94B /* Assets.xcassets */; };
		DC860F5027E5C87F0068C94B /* Preview Assets.xcassets in Resources */ = {isa = PBXBuildFile; fileRef = DC860F4F27E5C87F0068C94B /* Preview Assets.xcassets */; };
		DC860F5A27E5C87F0068C94B /* SNUTTTests.swift in Sources */ = {isa = PBXBuildFile; fileRef = DC860F5927E5C87F0068C94B /* SNUTTTests.swift */; };
		DC860F6427E5C87F0068C94B /* SNUTTUITests.swift in Sources */ = {isa = PBXBuildFile; fileRef = DC860F6327E5C87F0068C94B /* SNUTTUITests.swift */; };
		DC860F6627E5C87F0068C94B /* SNUTTUITestsLaunchTests.swift in Sources */ = {isa = PBXBuildFile; fileRef = DC860F6527E5C87F0068C94B /* SNUTTUITestsLaunchTests.swift */; };
		DCD41A6027E5CC7700CF380E /* Timetable.swift in Sources */ = {isa = PBXBuildFile; fileRef = DCD41A5F27E5CC7700CF380E /* Timetable.swift */; };
		DCD41A6327E5CCD500CF380E /* TimetableService.swift in Sources */ = {isa = PBXBuildFile; fileRef = DCD41A6227E5CCD500CF380E /* TimetableService.swift */; };
		DCD41A6827E5CD2A00CF380E /* UserDefaults.swift in Sources */ = {isa = PBXBuildFile; fileRef = DCD41A6727E5CD2A00CF380E /* UserDefaults.swift */; };
		DCD41A6A27E5CD8700CF380E /* TimetableApi.swift in Sources */ = {isa = PBXBuildFile; fileRef = DCD41A6927E5CD8700CF380E /* TimetableApi.swift */; };
		DCD41A6F27E5CDF700CF380E /* Header.swift in Sources */ = {isa = PBXBuildFile; fileRef = DCD41A6E27E5CDF700CF380E /* Header.swift */; };
		DCD41A7227E5CE1D00CF380E /* TimetableViewModel.swift in Sources */ = {isa = PBXBuildFile; fileRef = DCD41A7127E5CE1D00CF380E /* TimetableViewModel.swift */; };
		DCD41A7527E5CEA500CF380E /* AppState.swift in Sources */ = {isa = PBXBuildFile; fileRef = DCD41A7427E5CEA500CF380E /* AppState.swift */; };
/* End PBXBuildFile section */

/* Begin PBXContainerItemProxy section */
		DC860F5627E5C87F0068C94B /* PBXContainerItemProxy */ = {
			isa = PBXContainerItemProxy;
			containerPortal = DC860F3D27E5C87D0068C94B /* Project object */;
			proxyType = 1;
			remoteGlobalIDString = DC860F4427E5C87D0068C94B;
			remoteInfo = SNUTT;
		};
		DC860F6027E5C87F0068C94B /* PBXContainerItemProxy */ = {
			isa = PBXContainerItemProxy;
			containerPortal = DC860F3D27E5C87D0068C94B /* Project object */;
			proxyType = 1;
			remoteGlobalIDString = DC860F4427E5C87D0068C94B;
			remoteInfo = SNUTT;
		};
/* End PBXContainerItemProxy section */

/* Begin PBXFileReference section */
		BEDF506A27EB73EE00CDCC13 /* TimetableListCell.swift */ = {isa = PBXFileReference; lastKnownFileType = sourcecode.swift; path = TimetableListCell.swift; sourceTree = "<group>"; };
		BEDF506C27EB740E00CDCC13 /* TimetableList.swift */ = {isa = PBXFileReference; lastKnownFileType = sourcecode.swift; path = TimetableList.swift; sourceTree = "<group>"; };
		BEDF506E27EB744A00CDCC13 /* LectureDetailList.swift */ = {isa = PBXFileReference; lastKnownFileType = sourcecode.swift; path = LectureDetailList.swift; sourceTree = "<group>"; };
		DC860F4527E5C87D0068C94B /* SNUTT.app */ = {isa = PBXFileReference; explicitFileType = wrapper.application; includeInIndex = 0; path = SNUTT.app; sourceTree = BUILT_PRODUCTS_DIR; };
		DC860F4827E5C87D0068C94B /* SNUTTApp.swift */ = {isa = PBXFileReference; lastKnownFileType = sourcecode.swift; path = SNUTTApp.swift; sourceTree = "<group>"; };
		DC860F4A27E5C87D0068C94B /* ContentView.swift */ = {isa = PBXFileReference; lastKnownFileType = sourcecode.swift; path = ContentView.swift; sourceTree = "<group>"; };
		DC860F4C27E5C87F0068C94B /* Assets.xcassets */ = {isa = PBXFileReference; lastKnownFileType = folder.assetcatalog; path = Assets.xcassets; sourceTree = "<group>"; };
		DC860F4F27E5C87F0068C94B /* Preview Assets.xcassets */ = {isa = PBXFileReference; lastKnownFileType = folder.assetcatalog; path = "Preview Assets.xcassets"; sourceTree = "<group>"; };
		DC860F5527E5C87F0068C94B /* SNUTTTests.xctest */ = {isa = PBXFileReference; explicitFileType = wrapper.cfbundle; includeInIndex = 0; path = SNUTTTests.xctest; sourceTree = BUILT_PRODUCTS_DIR; };
		DC860F5927E5C87F0068C94B /* SNUTTTests.swift */ = {isa = PBXFileReference; lastKnownFileType = sourcecode.swift; path = SNUTTTests.swift; sourceTree = "<group>"; };
		DC860F5F27E5C87F0068C94B /* SNUTTUITests.xctest */ = {isa = PBXFileReference; explicitFileType = wrapper.cfbundle; includeInIndex = 0; path = SNUTTUITests.xctest; sourceTree = BUILT_PRODUCTS_DIR; };
		DC860F6327E5C87F0068C94B /* SNUTTUITests.swift */ = {isa = PBXFileReference; lastKnownFileType = sourcecode.swift; path = SNUTTUITests.swift; sourceTree = "<group>"; };
		DC860F6527E5C87F0068C94B /* SNUTTUITestsLaunchTests.swift */ = {isa = PBXFileReference; lastKnownFileType = sourcecode.swift; path = SNUTTUITestsLaunchTests.swift; sourceTree = "<group>"; };
		DCD41A5F27E5CC7700CF380E /* Timetable.swift */ = {isa = PBXFileReference; lastKnownFileType = sourcecode.swift; path = Timetable.swift; sourceTree = "<group>"; };
		DCD41A6227E5CCD500CF380E /* TimetableService.swift */ = {isa = PBXFileReference; lastKnownFileType = sourcecode.swift; path = TimetableService.swift; sourceTree = "<group>"; };
		DCD41A6727E5CD2A00CF380E /* UserDefaults.swift */ = {isa = PBXFileReference; lastKnownFileType = sourcecode.swift; path = UserDefaults.swift; sourceTree = "<group>"; };
		DCD41A6927E5CD8700CF380E /* TimetableApi.swift */ = {isa = PBXFileReference; lastKnownFileType = sourcecode.swift; path = TimetableApi.swift; sourceTree = "<group>"; };
		DCD41A6E27E5CDF700CF380E /* Header.swift */ = {isa = PBXFileReference; lastKnownFileType = sourcecode.swift; path = Header.swift; sourceTree = "<group>"; };
		DCD41A7127E5CE1D00CF380E /* TimetableViewModel.swift */ = {isa = PBXFileReference; lastKnownFileType = sourcecode.swift; path = TimetableViewModel.swift; sourceTree = "<group>"; };
		DCD41A7427E5CEA500CF380E /* AppState.swift */ = {isa = PBXFileReference; lastKnownFileType = sourcecode.swift; path = AppState.swift; sourceTree = "<group>"; };
/* End PBXFileReference section */

/* Begin PBXFrameworksBuildPhase section */
		DC860F4227E5C87D0068C94B /* Frameworks */ = {
			isa = PBXFrameworksBuildPhase;
			buildActionMask = 2147483647;
			files = (
			);
			runOnlyForDeploymentPostprocessing = 0;
		};
		DC860F5227E5C87F0068C94B /* Frameworks */ = {
			isa = PBXFrameworksBuildPhase;
			buildActionMask = 2147483647;
			files = (
			);
			runOnlyForDeploymentPostprocessing = 0;
		};
		DC860F5C27E5C87F0068C94B /* Frameworks */ = {
			isa = PBXFrameworksBuildPhase;
			buildActionMask = 2147483647;
			files = (
			);
			runOnlyForDeploymentPostprocessing = 0;
		};
/* End PBXFrameworksBuildPhase section */

/* Begin PBXGroup section */
		DC860F3C27E5C87D0068C94B = {
			isa = PBXGroup;
			children = (
				DC860F4727E5C87D0068C94B /* SNUTT */,
				DC860F5827E5C87F0068C94B /* SNUTTTests */,
				DC860F6227E5C87F0068C94B /* SNUTTUITests */,
				DC860F4627E5C87D0068C94B /* Products */,
			);
			sourceTree = "<group>";
		};
		DC860F4627E5C87D0068C94B /* Products */ = {
			isa = PBXGroup;
			children = (
				DC860F4527E5C87D0068C94B /* SNUTT.app */,
				DC860F5527E5C87F0068C94B /* SNUTTTests.xctest */,
				DC860F5F27E5C87F0068C94B /* SNUTTUITests.xctest */,
			);
			name = Products;
			sourceTree = "<group>";
		};
		DC860F4727E5C87D0068C94B /* SNUTT */ = {
			isa = PBXGroup;
			children = (
				DCD41A7627E5CED100CF380E /* Assets */,
				DCD41A7327E5CE5F00CF380E /* AppState */,
				DCD41A7027E5CE0800CF380E /* ViewModels */,
				DCD41A6B27E5CDAF00CF380E /* Views */,
				DCD41A6427E5CCFD00CF380E /* Repositories */,
				DCD41A6127E5CCB600CF380E /* Services */,
				DCD41A5E27E5CC4700CF380E /* Models */,
				DC860F4E27E5C87F0068C94B /* Preview Content */,
			);
			path = SNUTT;
			sourceTree = "<group>";
		};
		DC860F4E27E5C87F0068C94B /* Preview Content */ = {
			isa = PBXGroup;
			children = (
				DC860F4F27E5C87F0068C94B /* Preview Assets.xcassets */,
			);
			path = "Preview Content";
			sourceTree = "<group>";
		};
		DC860F5827E5C87F0068C94B /* SNUTTTests */ = {
			isa = PBXGroup;
			children = (
				DC860F5927E5C87F0068C94B /* SNUTTTests.swift */,
			);
			path = SNUTTTests;
			sourceTree = "<group>";
		};
		DC860F6227E5C87F0068C94B /* SNUTTUITests */ = {
			isa = PBXGroup;
			children = (
				DC860F6327E5C87F0068C94B /* SNUTTUITests.swift */,
				DC860F6527E5C87F0068C94B /* SNUTTUITestsLaunchTests.swift */,
			);
			path = SNUTTUITests;
			sourceTree = "<group>";
		};
		DCD41A5E27E5CC4700CF380E /* Models */ = {
			isa = PBXGroup;
			children = (
				DCD41A5F27E5CC7700CF380E /* Timetable.swift */,
			);
			path = Models;
			sourceTree = "<group>";
		};
		DCD41A6127E5CCB600CF380E /* Services */ = {
			isa = PBXGroup;
			children = (
				DCD41A6227E5CCD500CF380E /* TimetableService.swift */,
			);
			path = Services;
			sourceTree = "<group>";
		};
		DCD41A6427E5CCFD00CF380E /* Repositories */ = {
			isa = PBXGroup;
			children = (
				DCD41A6627E5CD1100CF380E /* Local */,
				DCD41A6527E5CD0500CF380E /* Api */,
			);
			path = Repositories;
			sourceTree = "<group>";
		};
		DCD41A6527E5CD0500CF380E /* Api */ = {
			isa = PBXGroup;
			children = (
				DCD41A6927E5CD8700CF380E /* TimetableApi.swift */,
			);
			path = Api;
			sourceTree = "<group>";
		};
		DCD41A6627E5CD1100CF380E /* Local */ = {
			isa = PBXGroup;
			children = (
				DCD41A6727E5CD2A00CF380E /* UserDefaults.swift */,
			);
			path = Local;
			sourceTree = "<group>";
		};
		DCD41A6B27E5CDAF00CF380E /* Views */ = {
			isa = PBXGroup;
			children = (
				DC860F4827E5C87D0068C94B /* SNUTTApp.swift */,
				DCD41A6D27E5CDCA00CF380E /* Components */,
				DCD41A6C27E5CDBE00CF380E /* Scenes */,
			);
			path = Views;
			sourceTree = "<group>";
		};
		DCD41A6C27E5CDBE00CF380E /* Scenes */ = {
			isa = PBXGroup;
			children = (
				DC860F4A27E5C87D0068C94B /* ContentView.swift */,
			);
			path = Scenes;
			sourceTree = "<group>";
		};
		DCD41A6D27E5CDCA00CF380E /* Components */ = {
			isa = PBXGroup;
			children = (
				DCD41A6E27E5CDF700CF380E /* Header.swift */,
				BEDF506E27EB744A00CDCC13 /* LectureDetailList.swift */,
				BEDF506C27EB740E00CDCC13 /* TimetableList.swift */,
				BEDF506A27EB73EE00CDCC13 /* TimetableListCell.swift */,
			);
			path = Components;
			sourceTree = "<group>";
		};
		DCD41A7027E5CE0800CF380E /* ViewModels */ = {
			isa = PBXGroup;
			children = (
				DCD41A7127E5CE1D00CF380E /* TimetableViewModel.swift */,
			);
			path = ViewModels;
			sourceTree = "<group>";
		};
		DCD41A7327E5CE5F00CF380E /* AppState */ = {
			isa = PBXGroup;
			children = (
				DCD41A7427E5CEA500CF380E /* AppState.swift */,
			);
			path = AppState;
			sourceTree = "<group>";
		};
		DCD41A7627E5CED100CF380E /* Assets */ = {
			isa = PBXGroup;
			children = (
				DC860F4C27E5C87F0068C94B /* Assets.xcassets */,
			);
			path = Assets;
			sourceTree = "<group>";
		};
/* End PBXGroup section */

/* Begin PBXNativeTarget section */
		DC860F4427E5C87D0068C94B /* SNUTT */ = {
			isa = PBXNativeTarget;
			buildConfigurationList = DC860F6927E5C87F0068C94B /* Build configuration list for PBXNativeTarget "SNUTT" */;
			buildPhases = (
				DC860F4127E5C87D0068C94B /* Sources */,
				DC860F4227E5C87D0068C94B /* Frameworks */,
				DC860F4327E5C87D0068C94B /* Resources */,
			);
			buildRules = (
			);
			dependencies = (
			);
			name = SNUTT;
			productName = SNUTT;
			productReference = DC860F4527E5C87D0068C94B /* SNUTT.app */;
			productType = "com.apple.product-type.application";
		};
		DC860F5427E5C87F0068C94B /* SNUTTTests */ = {
			isa = PBXNativeTarget;
			buildConfigurationList = DC860F6C27E5C87F0068C94B /* Build configuration list for PBXNativeTarget "SNUTTTests" */;
			buildPhases = (
				DC860F5127E5C87F0068C94B /* Sources */,
				DC860F5227E5C87F0068C94B /* Frameworks */,
				DC860F5327E5C87F0068C94B /* Resources */,
			);
			buildRules = (
			);
			dependencies = (
				DC860F5727E5C87F0068C94B /* PBXTargetDependency */,
			);
			name = SNUTTTests;
			productName = SNUTTTests;
			productReference = DC860F5527E5C87F0068C94B /* SNUTTTests.xctest */;
			productType = "com.apple.product-type.bundle.unit-test";
		};
		DC860F5E27E5C87F0068C94B /* SNUTTUITests */ = {
			isa = PBXNativeTarget;
			buildConfigurationList = DC860F6F27E5C87F0068C94B /* Build configuration list for PBXNativeTarget "SNUTTUITests" */;
			buildPhases = (
				DC860F5B27E5C87F0068C94B /* Sources */,
				DC860F5C27E5C87F0068C94B /* Frameworks */,
				DC860F5D27E5C87F0068C94B /* Resources */,
			);
			buildRules = (
			);
			dependencies = (
				DC860F6127E5C87F0068C94B /* PBXTargetDependency */,
			);
			name = SNUTTUITests;
			productName = SNUTTUITests;
			productReference = DC860F5F27E5C87F0068C94B /* SNUTTUITests.xctest */;
			productType = "com.apple.product-type.bundle.ui-testing";
		};
/* End PBXNativeTarget section */

/* Begin PBXProject section */
		DC860F3D27E5C87D0068C94B /* Project object */ = {
			isa = PBXProject;
			attributes = {
				BuildIndependentTargetsInParallel = 1;
				LastSwiftUpdateCheck = 1320;
				LastUpgradeCheck = 1320;
				TargetAttributes = {
					DC860F4427E5C87D0068C94B = {
						CreatedOnToolsVersion = 13.2.1;
					};
					DC860F5427E5C87F0068C94B = {
						CreatedOnToolsVersion = 13.2.1;
						TestTargetID = DC860F4427E5C87D0068C94B;
					};
					DC860F5E27E5C87F0068C94B = {
						CreatedOnToolsVersion = 13.2.1;
						TestTargetID = DC860F4427E5C87D0068C94B;
					};
				};
			};
			buildConfigurationList = DC860F4027E5C87D0068C94B /* Build configuration list for PBXProject "SNUTT" */;
			compatibilityVersion = "Xcode 13.0";
			developmentRegion = en;
			hasScannedForEncodings = 0;
			knownRegions = (
				en,
				Base,
			);
			mainGroup = DC860F3C27E5C87D0068C94B;
			productRefGroup = DC860F4627E5C87D0068C94B /* Products */;
			projectDirPath = "";
			projectRoot = "";
			targets = (
				DC860F4427E5C87D0068C94B /* SNUTT */,
				DC860F5427E5C87F0068C94B /* SNUTTTests */,
				DC860F5E27E5C87F0068C94B /* SNUTTUITests */,
			);
		};
/* End PBXProject section */

/* Begin PBXResourcesBuildPhase section */
		DC860F4327E5C87D0068C94B /* Resources */ = {
			isa = PBXResourcesBuildPhase;
			buildActionMask = 2147483647;
			files = (
				DC860F5027E5C87F0068C94B /* Preview Assets.xcassets in Resources */,
				DC860F4D27E5C87F0068C94B /* Assets.xcassets in Resources */,
			);
			runOnlyForDeploymentPostprocessing = 0;
		};
		DC860F5327E5C87F0068C94B /* Resources */ = {
			isa = PBXResourcesBuildPhase;
			buildActionMask = 2147483647;
			files = (
			);
			runOnlyForDeploymentPostprocessing = 0;
		};
		DC860F5D27E5C87F0068C94B /* Resources */ = {
			isa = PBXResourcesBuildPhase;
			buildActionMask = 2147483647;
			files = (
			);
			runOnlyForDeploymentPostprocessing = 0;
		};
/* End PBXResourcesBuildPhase section */

/* Begin PBXSourcesBuildPhase section */
		DC860F4127E5C87D0068C94B /* Sources */ = {
			isa = PBXSourcesBuildPhase;
			buildActionMask = 2147483647;
			files = (
				BEDF506D27EB740F00CDCC13 /* TimetableList.swift in Sources */,
				BEDF506F27EB744A00CDCC13 /* LectureDetailList.swift in Sources */,
				DCD41A6027E5CC7700CF380E /* Timetable.swift in Sources */,
				DCD41A6827E5CD2A00CF380E /* UserDefaults.swift in Sources */,
				DCD41A6327E5CCD500CF380E /* TimetableService.swift in Sources */,
				BEDF506B27EB73EE00CDCC13 /* TimetableListCell.swift in Sources */,
				DCD41A7527E5CEA500CF380E /* AppState.swift in Sources */,
				DCD41A6F27E5CDF700CF380E /* Header.swift in Sources */,
				DC860F4B27E5C87D0068C94B /* ContentView.swift in Sources */,
				DC860F4927E5C87D0068C94B /* SNUTTApp.swift in Sources */,
				DCD41A7227E5CE1D00CF380E /* TimetableViewModel.swift in Sources */,
				DCD41A6A27E5CD8700CF380E /* TimetableApi.swift in Sources */,
			);
			runOnlyForDeploymentPostprocessing = 0;
		};
		DC860F5127E5C87F0068C94B /* Sources */ = {
			isa = PBXSourcesBuildPhase;
			buildActionMask = 2147483647;
			files = (
				DC860F5A27E5C87F0068C94B /* SNUTTTests.swift in Sources */,
			);
			runOnlyForDeploymentPostprocessing = 0;
		};
		DC860F5B27E5C87F0068C94B /* Sources */ = {
			isa = PBXSourcesBuildPhase;
			buildActionMask = 2147483647;
			files = (
				DC860F6427E5C87F0068C94B /* SNUTTUITests.swift in Sources */,
				DC860F6627E5C87F0068C94B /* SNUTTUITestsLaunchTests.swift in Sources */,
			);
			runOnlyForDeploymentPostprocessing = 0;
		};
/* End PBXSourcesBuildPhase section */

/* Begin PBXTargetDependency section */
		DC860F5727E5C87F0068C94B /* PBXTargetDependency */ = {
			isa = PBXTargetDependency;
			target = DC860F4427E5C87D0068C94B /* SNUTT */;
			targetProxy = DC860F5627E5C87F0068C94B /* PBXContainerItemProxy */;
		};
		DC860F6127E5C87F0068C94B /* PBXTargetDependency */ = {
			isa = PBXTargetDependency;
			target = DC860F4427E5C87D0068C94B /* SNUTT */;
			targetProxy = DC860F6027E5C87F0068C94B /* PBXContainerItemProxy */;
		};
/* End PBXTargetDependency section */

/* Begin XCBuildConfiguration section */
		DC860F6727E5C87F0068C94B /* Debug */ = {
			isa = XCBuildConfiguration;
			buildSettings = {
				ALWAYS_SEARCH_USER_PATHS = NO;
				CLANG_ANALYZER_NONNULL = YES;
				CLANG_ANALYZER_NUMBER_OBJECT_CONVERSION = YES_AGGRESSIVE;
				CLANG_CXX_LANGUAGE_STANDARD = "gnu++17";
				CLANG_CXX_LIBRARY = "libc++";
				CLANG_ENABLE_MODULES = YES;
				CLANG_ENABLE_OBJC_ARC = YES;
				CLANG_ENABLE_OBJC_WEAK = YES;
				CLANG_WARN_BLOCK_CAPTURE_AUTORELEASING = YES;
				CLANG_WARN_BOOL_CONVERSION = YES;
				CLANG_WARN_COMMA = YES;
				CLANG_WARN_CONSTANT_CONVERSION = YES;
				CLANG_WARN_DEPRECATED_OBJC_IMPLEMENTATIONS = YES;
				CLANG_WARN_DIRECT_OBJC_ISA_USAGE = YES_ERROR;
				CLANG_WARN_DOCUMENTATION_COMMENTS = YES;
				CLANG_WARN_EMPTY_BODY = YES;
				CLANG_WARN_ENUM_CONVERSION = YES;
				CLANG_WARN_INFINITE_RECURSION = YES;
				CLANG_WARN_INT_CONVERSION = YES;
				CLANG_WARN_NON_LITERAL_NULL_CONVERSION = YES;
				CLANG_WARN_OBJC_IMPLICIT_RETAIN_SELF = YES;
				CLANG_WARN_OBJC_LITERAL_CONVERSION = YES;
				CLANG_WARN_OBJC_ROOT_CLASS = YES_ERROR;
				CLANG_WARN_QUOTED_INCLUDE_IN_FRAMEWORK_HEADER = YES;
				CLANG_WARN_RANGE_LOOP_ANALYSIS = YES;
				CLANG_WARN_STRICT_PROTOTYPES = YES;
				CLANG_WARN_SUSPICIOUS_MOVE = YES;
				CLANG_WARN_UNGUARDED_AVAILABILITY = YES_AGGRESSIVE;
				CLANG_WARN_UNREACHABLE_CODE = YES;
				CLANG_WARN__DUPLICATE_METHOD_MATCH = YES;
				COPY_PHASE_STRIP = NO;
				DEBUG_INFORMATION_FORMAT = dwarf;
				ENABLE_STRICT_OBJC_MSGSEND = YES;
				ENABLE_TESTABILITY = YES;
				GCC_C_LANGUAGE_STANDARD = gnu11;
				GCC_DYNAMIC_NO_PIC = NO;
				GCC_NO_COMMON_BLOCKS = YES;
				GCC_OPTIMIZATION_LEVEL = 0;
				GCC_PREPROCESSOR_DEFINITIONS = (
					"DEBUG=1",
					"$(inherited)",
				);
				GCC_WARN_64_TO_32_BIT_CONVERSION = YES;
				GCC_WARN_ABOUT_RETURN_TYPE = YES_ERROR;
				GCC_WARN_UNDECLARED_SELECTOR = YES;
				GCC_WARN_UNINITIALIZED_AUTOS = YES_AGGRESSIVE;
				GCC_WARN_UNUSED_FUNCTION = YES;
				GCC_WARN_UNUSED_VARIABLE = YES;
				IPHONEOS_DEPLOYMENT_TARGET = 14.0;
				MTL_ENABLE_DEBUG_INFO = INCLUDE_SOURCE;
				MTL_FAST_MATH = YES;
				ONLY_ACTIVE_ARCH = YES;
				SDKROOT = iphoneos;
				SWIFT_ACTIVE_COMPILATION_CONDITIONS = DEBUG;
				SWIFT_OPTIMIZATION_LEVEL = "-Onone";
			};
			name = Debug;
		};
		DC860F6827E5C87F0068C94B /* Release */ = {
			isa = XCBuildConfiguration;
			buildSettings = {
				ALWAYS_SEARCH_USER_PATHS = NO;
				CLANG_ANALYZER_NONNULL = YES;
				CLANG_ANALYZER_NUMBER_OBJECT_CONVERSION = YES_AGGRESSIVE;
				CLANG_CXX_LANGUAGE_STANDARD = "gnu++17";
				CLANG_CXX_LIBRARY = "libc++";
				CLANG_ENABLE_MODULES = YES;
				CLANG_ENABLE_OBJC_ARC = YES;
				CLANG_ENABLE_OBJC_WEAK = YES;
				CLANG_WARN_BLOCK_CAPTURE_AUTORELEASING = YES;
				CLANG_WARN_BOOL_CONVERSION = YES;
				CLANG_WARN_COMMA = YES;
				CLANG_WARN_CONSTANT_CONVERSION = YES;
				CLANG_WARN_DEPRECATED_OBJC_IMPLEMENTATIONS = YES;
				CLANG_WARN_DIRECT_OBJC_ISA_USAGE = YES_ERROR;
				CLANG_WARN_DOCUMENTATION_COMMENTS = YES;
				CLANG_WARN_EMPTY_BODY = YES;
				CLANG_WARN_ENUM_CONVERSION = YES;
				CLANG_WARN_INFINITE_RECURSION = YES;
				CLANG_WARN_INT_CONVERSION = YES;
				CLANG_WARN_NON_LITERAL_NULL_CONVERSION = YES;
				CLANG_WARN_OBJC_IMPLICIT_RETAIN_SELF = YES;
				CLANG_WARN_OBJC_LITERAL_CONVERSION = YES;
				CLANG_WARN_OBJC_ROOT_CLASS = YES_ERROR;
				CLANG_WARN_QUOTED_INCLUDE_IN_FRAMEWORK_HEADER = YES;
				CLANG_WARN_RANGE_LOOP_ANALYSIS = YES;
				CLANG_WARN_STRICT_PROTOTYPES = YES;
				CLANG_WARN_SUSPICIOUS_MOVE = YES;
				CLANG_WARN_UNGUARDED_AVAILABILITY = YES_AGGRESSIVE;
				CLANG_WARN_UNREACHABLE_CODE = YES;
				CLANG_WARN__DUPLICATE_METHOD_MATCH = YES;
				COPY_PHASE_STRIP = NO;
				DEBUG_INFORMATION_FORMAT = "dwarf-with-dsym";
				ENABLE_NS_ASSERTIONS = NO;
				ENABLE_STRICT_OBJC_MSGSEND = YES;
				GCC_C_LANGUAGE_STANDARD = gnu11;
				GCC_NO_COMMON_BLOCKS = YES;
				GCC_WARN_64_TO_32_BIT_CONVERSION = YES;
				GCC_WARN_ABOUT_RETURN_TYPE = YES_ERROR;
				GCC_WARN_UNDECLARED_SELECTOR = YES;
				GCC_WARN_UNINITIALIZED_AUTOS = YES_AGGRESSIVE;
				GCC_WARN_UNUSED_FUNCTION = YES;
				GCC_WARN_UNUSED_VARIABLE = YES;
				IPHONEOS_DEPLOYMENT_TARGET = 14.0;
				MTL_ENABLE_DEBUG_INFO = NO;
				MTL_FAST_MATH = YES;
				SDKROOT = iphoneos;
				SWIFT_COMPILATION_MODE = wholemodule;
				SWIFT_OPTIMIZATION_LEVEL = "-O";
				VALIDATE_PRODUCT = YES;
			};
			name = Release;
		};
		DC860F6A27E5C87F0068C94B /* Debug */ = {
			isa = XCBuildConfiguration;
			buildSettings = {
				ASSETCATALOG_COMPILER_APPICON_NAME = AppIcon;
				ASSETCATALOG_COMPILER_GLOBAL_ACCENT_COLOR_NAME = AccentColor;
				CODE_SIGN_STYLE = Automatic;
				CURRENT_PROJECT_VERSION = 1;
				DEVELOPMENT_ASSET_PATHS = "\"SNUTT/Preview Content\"";
				ENABLE_PREVIEWS = YES;
				GENERATE_INFOPLIST_FILE = YES;
				INFOPLIST_KEY_UIApplicationSceneManifest_Generation = YES;
				INFOPLIST_KEY_UIApplicationSupportsIndirectInputEvents = YES;
				INFOPLIST_KEY_UILaunchScreen_Generation = YES;
				INFOPLIST_KEY_UISupportedInterfaceOrientations_iPad = "UIInterfaceOrientationPortrait UIInterfaceOrientationPortraitUpsideDown UIInterfaceOrientationLandscapeLeft UIInterfaceOrientationLandscapeRight";
				INFOPLIST_KEY_UISupportedInterfaceOrientations_iPhone = "UIInterfaceOrientationPortrait UIInterfaceOrientationLandscapeLeft UIInterfaceOrientationLandscapeRight";
				IPHONEOS_DEPLOYMENT_TARGET = 14.0;
				LD_RUNPATH_SEARCH_PATHS = (
					"$(inherited)",
					"@executable_path/Frameworks",
				);
				MARKETING_VERSION = 1.0;
				PRODUCT_BUNDLE_IDENTIFIER = "com.wafflestudio.snutt-2022.SNUTT";
				PRODUCT_NAME = "$(TARGET_NAME)";
				SWIFT_EMIT_LOC_STRINGS = YES;
				SWIFT_VERSION = 5.0;
				TARGETED_DEVICE_FAMILY = "1,2";
			};
			name = Debug;
		};
		DC860F6B27E5C87F0068C94B /* Release */ = {
			isa = XCBuildConfiguration;
			buildSettings = {
				ASSETCATALOG_COMPILER_APPICON_NAME = AppIcon;
				ASSETCATALOG_COMPILER_GLOBAL_ACCENT_COLOR_NAME = AccentColor;
				CODE_SIGN_STYLE = Automatic;
				CURRENT_PROJECT_VERSION = 1;
				DEVELOPMENT_ASSET_PATHS = "\"SNUTT/Preview Content\"";
				ENABLE_PREVIEWS = YES;
				GENERATE_INFOPLIST_FILE = YES;
				INFOPLIST_KEY_UIApplicationSceneManifest_Generation = YES;
				INFOPLIST_KEY_UIApplicationSupportsIndirectInputEvents = YES;
				INFOPLIST_KEY_UILaunchScreen_Generation = YES;
				INFOPLIST_KEY_UISupportedInterfaceOrientations_iPad = "UIInterfaceOrientationPortrait UIInterfaceOrientationPortraitUpsideDown UIInterfaceOrientationLandscapeLeft UIInterfaceOrientationLandscapeRight";
				INFOPLIST_KEY_UISupportedInterfaceOrientations_iPhone = "UIInterfaceOrientationPortrait UIInterfaceOrientationLandscapeLeft UIInterfaceOrientationLandscapeRight";
				IPHONEOS_DEPLOYMENT_TARGET = 14.0;
				LD_RUNPATH_SEARCH_PATHS = (
					"$(inherited)",
					"@executable_path/Frameworks",
				);
				MARKETING_VERSION = 1.0;
				PRODUCT_BUNDLE_IDENTIFIER = "com.wafflestudio.snutt-2022.SNUTT";
				PRODUCT_NAME = "$(TARGET_NAME)";
				SWIFT_EMIT_LOC_STRINGS = YES;
				SWIFT_VERSION = 5.0;
				TARGETED_DEVICE_FAMILY = "1,2";
			};
			name = Release;
		};
		DC860F6D27E5C87F0068C94B /* Debug */ = {
			isa = XCBuildConfiguration;
			buildSettings = {
				ALWAYS_EMBED_SWIFT_STANDARD_LIBRARIES = YES;
				BUNDLE_LOADER = "$(TEST_HOST)";
				CODE_SIGN_STYLE = Automatic;
				CURRENT_PROJECT_VERSION = 1;
				GENERATE_INFOPLIST_FILE = YES;
				IPHONEOS_DEPLOYMENT_TARGET = 14.0;
				MARKETING_VERSION = 1.0;
				PRODUCT_BUNDLE_IDENTIFIER = "com.wafflestudio.snutt-2022.SNUTTTests";
				PRODUCT_NAME = "$(TARGET_NAME)";
				SWIFT_EMIT_LOC_STRINGS = NO;
				SWIFT_VERSION = 5.0;
				TARGETED_DEVICE_FAMILY = "1,2";
				TEST_HOST = "$(BUILT_PRODUCTS_DIR)/SNUTT.app/SNUTT";
			};
			name = Debug;
		};
		DC860F6E27E5C87F0068C94B /* Release */ = {
			isa = XCBuildConfiguration;
			buildSettings = {
				ALWAYS_EMBED_SWIFT_STANDARD_LIBRARIES = YES;
				BUNDLE_LOADER = "$(TEST_HOST)";
				CODE_SIGN_STYLE = Automatic;
				CURRENT_PROJECT_VERSION = 1;
				GENERATE_INFOPLIST_FILE = YES;
				IPHONEOS_DEPLOYMENT_TARGET = 14.0;
				MARKETING_VERSION = 1.0;
				PRODUCT_BUNDLE_IDENTIFIER = "com.wafflestudio.snutt-2022.SNUTTTests";
				PRODUCT_NAME = "$(TARGET_NAME)";
				SWIFT_EMIT_LOC_STRINGS = NO;
				SWIFT_VERSION = 5.0;
				TARGETED_DEVICE_FAMILY = "1,2";
				TEST_HOST = "$(BUILT_PRODUCTS_DIR)/SNUTT.app/SNUTT";
			};
			name = Release;
		};
		DC860F7027E5C87F0068C94B /* Debug */ = {
			isa = XCBuildConfiguration;
			buildSettings = {
				ALWAYS_EMBED_SWIFT_STANDARD_LIBRARIES = YES;
				CODE_SIGN_STYLE = Automatic;
				CURRENT_PROJECT_VERSION = 1;
				GENERATE_INFOPLIST_FILE = YES;
				MARKETING_VERSION = 1.0;
				PRODUCT_BUNDLE_IDENTIFIER = "com.wafflestudio.snutt-2022.SNUTTUITests";
				PRODUCT_NAME = "$(TARGET_NAME)";
				SWIFT_EMIT_LOC_STRINGS = NO;
				SWIFT_VERSION = 5.0;
				TARGETED_DEVICE_FAMILY = "1,2";
				TEST_TARGET_NAME = SNUTT;
			};
			name = Debug;
		};
		DC860F7127E5C87F0068C94B /* Release */ = {
			isa = XCBuildConfiguration;
			buildSettings = {
				ALWAYS_EMBED_SWIFT_STANDARD_LIBRARIES = YES;
				CODE_SIGN_STYLE = Automatic;
				CURRENT_PROJECT_VERSION = 1;
				GENERATE_INFOPLIST_FILE = YES;
				MARKETING_VERSION = 1.0;
				PRODUCT_BUNDLE_IDENTIFIER = "com.wafflestudio.snutt-2022.SNUTTUITests";
				PRODUCT_NAME = "$(TARGET_NAME)";
				SWIFT_EMIT_LOC_STRINGS = NO;
				SWIFT_VERSION = 5.0;
				TARGETED_DEVICE_FAMILY = "1,2";
				TEST_TARGET_NAME = SNUTT;
			};
			name = Release;
		};
/* End XCBuildConfiguration section */

/* Begin XCConfigurationList section */
		DC860F4027E5C87D0068C94B /* Build configuration list for PBXProject "SNUTT" */ = {
			isa = XCConfigurationList;
			buildConfigurations = (
				DC860F6727E5C87F0068C94B /* Debug */,
				DC860F6827E5C87F0068C94B /* Release */,
			);
			defaultConfigurationIsVisible = 0;
			defaultConfigurationName = Release;
		};
		DC860F6927E5C87F0068C94B /* Build configuration list for PBXNativeTarget "SNUTT" */ = {
			isa = XCConfigurationList;
			buildConfigurations = (
				DC860F6A27E5C87F0068C94B /* Debug */,
				DC860F6B27E5C87F0068C94B /* Release */,
			);
			defaultConfigurationIsVisible = 0;
			defaultConfigurationName = Release;
		};
		DC860F6C27E5C87F0068C94B /* Build configuration list for PBXNativeTarget "SNUTTTests" */ = {
			isa = XCConfigurationList;
			buildConfigurations = (
				DC860F6D27E5C87F0068C94B /* Debug */,
				DC860F6E27E5C87F0068C94B /* Release */,
			);
			defaultConfigurationIsVisible = 0;
			defaultConfigurationName = Release;
		};
		DC860F6F27E5C87F0068C94B /* Build configuration list for PBXNativeTarget "SNUTTUITests" */ = {
			isa = XCConfigurationList;
			buildConfigurations = (
				DC860F7027E5C87F0068C94B /* Debug */,
				DC860F7127E5C87F0068C94B /* Release */,
			);
			defaultConfigurationIsVisible = 0;
			defaultConfigurationName = Release;
		};
/* End XCConfigurationList section */
	};
	rootObject = DC860F3D27E5C87D0068C94B /* Project object */;
}
